<?xml version="1.0" encoding="utf-8"?>
<Project ToolsVersion="4.0" xmlns="http://schemas.microsoft.com/developer/msbuild/2003">
  <ItemGroup>
    <Filter Include="Entity">
      <UniqueIdentifier>{c424556f-6dd1-469f-9f45-63c1fb5e129a}</UniqueIdentifier>
    </Filter>
    <Filter Include="Entity\Factory">
      <UniqueIdentifier>{81eb5cb6-1b8b-4bc6-a376-d90d5a516bdf}</UniqueIdentifier>
    </Filter>
    <Filter Include="Control">
      <UniqueIdentifier>{dab301e4-e486-4983-a511-61d8842e9180}</UniqueIdentifier>
    </Filter>
    <Filter Include="Control\Factory">
      <UniqueIdentifier>{db794734-6955-424e-8f7d-55bc552d49f3}</UniqueIdentifier>
    </Filter>
    <Filter Include="Precomp">
      <UniqueIdentifier>{287f1e96-1df2-4af4-89bf-aec617d58f1b}</UniqueIdentifier>
    </Filter>
    <Filter Include="UI">
      <UniqueIdentifier>{85dc8478-94e5-4087-a104-977d61227976}</UniqueIdentifier>
    </Filter>
    <Filter Include="UI\Factory">
      <UniqueIdentifier>{5f62cd9e-99b6-476c-9b0d-c21ebaaee7e3}</UniqueIdentifier>
    </Filter>
    <Filter Include="Utility">
      <UniqueIdentifier>{f39c2dff-014e-42a5-99a2-73366a46548d}</UniqueIdentifier>
    </Filter>
    <Filter Include="Utility\RTTI">
      <UniqueIdentifier>{fb592592-a553-4756-9d38-88e5bac9ac5b}</UniqueIdentifier>
    </Filter>
    <Filter Include="Utility\Log">
      <UniqueIdentifier>{360d1d4d-5693-4288-b99a-eeb7bad79113}</UniqueIdentifier>
    </Filter>
    <Filter Include="Utility\Script">
      <UniqueIdentifier>{108b3c25-b9dc-4bdc-a875-1bc3e4f40f1a}</UniqueIdentifier>
    </Filter>
    <Filter Include="Utility\IO">
      <UniqueIdentifier>{b9b1b81d-684f-4006-a79b-77d19597b497}</UniqueIdentifier>
    </Filter>
    <Filter Include="Global">
      <UniqueIdentifier>{f429ec3b-3fea-408b-838c-ee4c9f664528}</UniqueIdentifier>
    </Filter>
  </ItemGroup>
  <ItemGroup>
    <ClCompile Include="NtlTSAction.cpp">
      <Filter>Entity</Filter>
    </ClCompile>
    <ClCompile Include="NtlTSCond.cpp">
      <Filter>Entity</Filter>
    </ClCompile>
    <ClCompile Include="NtlTSCont.cpp">
      <Filter>Entity</Filter>
    </ClCompile>
    <ClCompile Include="NtlTSEntity.cpp">
      <Filter>Entity</Filter>
    </ClCompile>
    <ClCompile Include="NtlTSEvent.cpp">
      <Filter>Entity</Filter>
    </ClCompile>
    <ClCompile Include="NtlTSGroup.cpp">
      <Filter>Entity</Filter>
    </ClCompile>
    <ClCompile Include="NtlTSTrigger.cpp">
      <Filter>Entity</Filter>
    </ClCompile>
    <ClCompile Include="NtlTSEntityFactory.cpp">
      <Filter>Entity\Factory</Filter>
    </ClCompile>
    <ClCompile Include="NtlTSEntityFactoryType.cpp">
      <Filter>Entity\Factory</Filter>
    </ClCompile>
    <ClCompile Include="NtlTSController.cpp">
      <Filter>Control</Filter>
    </ClCompile>
    <ClCompile Include="NtlTSEvtMapper.cpp">
      <Filter>Control</Filter>
    </ClCompile>
    <ClCompile Include="NtlTSControlFactory.cpp">
      <Filter>Control\Factory</Filter>
    </ClCompile>
    <ClCompile Include="NtlTSControlFactoryType.cpp">
      <Filter>Control\Factory</Filter>
    </ClCompile>
    <ClCompile Include="NtlTSControlObject.cpp">
      <Filter>Control\Factory</Filter>
    </ClCompile>
    <ClCompile Include="precomp_trigger.cpp">
      <Filter>Precomp</Filter>
    </ClCompile>
    <ClCompile Include="NtlTSAgency.cpp">
      <Filter>UI</Filter>
    </ClCompile>
    <ClCompile Include="NtlTSMain.cpp">
      <Filter>UI</Filter>
    </ClCompile>
    <ClCompile Include="NtlTSRecv.cpp">
      <Filter>UI</Filter>
    </ClCompile>
    <ClCompile Include="NtlTSUIFactory.cpp">
      <Filter>UI\Factory</Filter>
    </ClCompile>
    <ClCompile Include="NtlTSUIFactoryType.cpp">
      <Filter>UI\Factory</Filter>
    </ClCompile>
    <ClCompile Include="NtlTSUIObject.cpp">
      <Filter>UI\Factory</Filter>
    </ClCompile>
    <ClCompile Include="NtlTSRTTI.cpp">
      <Filter>Utility\RTTI</Filter>
    </ClCompile>
    <ClCompile Include="NtlTSLog.cpp">
      <Filter>Utility\Log</Filter>
    </ClCompile>
    <ClCompile Include="NtlTSScrObject.cpp">
      <Filter>Utility\Script</Filter>
    </ClCompile>
    <ClCompile Include="NtlTSScrParser.cpp">
      <Filter>Utility\Script</Filter>
    </ClCompile>
    <ClCompile Include="NtlTSScrSaver.cpp">
      <Filter>Utility\Script</Filter>
    </ClCompile>
    <ClCompile Include="NtlTSScrStream.cpp">
      <Filter>Utility\Script</Filter>
    </ClCompile>
    <ClCompile Include="NtlTSScrTokenizer.cpp">
      <Filter>Utility\Script</Filter>
    </ClCompile>
    <ClCompile Include="NtlTSMemIO.cpp">
      <Filter>Utility\IO</Filter>
    </ClCompile>
    <ClCompile Include="NtlTSCoreStatic.cpp">
      <Filter>Global</Filter>
    </ClCompile>
  </ItemGroup>
  <ItemGroup>
    <ClInclude Include="NtlTSAction.h">
      <Filter>Entity</Filter>
    </ClInclude>
    <ClInclude Include="NtlTSCond.h">
      <Filter>Entity</Filter>
    </ClInclude>
    <ClInclude Include="NtlTSCont.h">
      <Filter>Entity</Filter>
    </ClInclude>
    <ClInclude Include="NtlTSEntity.h">
      <Filter>Entity</Filter>
    </ClInclude>
    <ClInclude Include="NtlTSEvent.h">
      <Filter>Entity</Filter>
    </ClInclude>
    <ClInclude Include="NtlTSGroup.h">
      <Filter>Entity</Filter>
    </ClInclude>
    <ClInclude Include="NtlTSTrigger.h">
      <Filter>Entity</Filter>
    </ClInclude>
    <ClInclude Include="NtlTSEntityFactory.h">
      <Filter>Entity\Factory</Filter>
    </ClInclude>
    <ClInclude Include="NtlTSEntityFactoryType.h">
      <Filter>Entity\Factory</Filter>
    </ClInclude>
    <ClInclude Include="NtlTSController.h">
      <Filter>Control</Filter>
    </ClInclude>
    <ClInclude Include="NtlTSEvtMapper.h">
      <Filter>Control</Filter>
    </ClInclude>
    <ClInclude Include="NtlTSControlFactory.h">
      <Filter>Control\Factory</Filter>
    </ClInclude>
    <ClInclude Include="NtlTSControlFactoryType.h">
      <Filter>Control\Factory</Filter>
    </ClInclude>
    <ClInclude Include="NtlTSControlObject.h">
      <Filter>Control\Factory</Filter>
    </ClInclude>
    <ClInclude Include="precomp_trigger.h">
      <Filter>Precomp</Filter>
    </ClInclude>
    <ClInclude Include="NtlTSAgency.h">
      <Filter>UI</Filter>
    </ClInclude>
    <ClInclude Include="NtlTSMain.h">
      <Filter>UI</Filter>
    </ClInclude>
    <ClInclude Include="NtlTSRecv.h">
      <Filter>UI</Filter>
    </ClInclude>
    <ClInclude Include="NtlTSUIFactory.h">
      <Filter>UI\Factory</Filter>
    </ClInclude>
    <ClInclude Include="NtlTSUIFactoryType.h">
      <Filter>UI\Factory</Filter>
    </ClInclude>
    <ClInclude Include="NtlTSUIObject.h">
      <Filter>UI\Factory</Filter>
    </ClInclude>
    <ClInclude Include="NtlTSRTTI.h">
      <Filter>Utility\RTTI</Filter>
    </ClInclude>
    <ClInclude Include="NtlTSLog.h">
      <Filter>Utility\Log</Filter>
    </ClInclude>
    <ClInclude Include="NtlTSScrFactory.h">
      <Filter>Utility\Script</Filter>
    </ClInclude>
    <ClInclude Include="NtlTSScrFactoryType.h">
      <Filter>Utility\Script</Filter>
    </ClInclude>
    <ClInclude Include="NtlTSScrObject.h">
      <Filter>Utility\Script</Filter>
    </ClInclude>
    <ClInclude Include="NtlTSScrParser.h">
      <Filter>Utility\Script</Filter>
    </ClInclude>
    <ClInclude Include="NtlTSScrProperty.h">
      <Filter>Utility\Script</Filter>
    </ClInclude>
    <ClInclude Include="NtlTSScrSaver.h">
      <Filter>Utility\Script</Filter>
    </ClInclude>
    <ClInclude Include="NtlTSScrStream.h">
      <Filter>Utility\Script</Filter>
    </ClInclude>
    <ClInclude Include="NtlTSScrTokenizer.h">
      <Filter>Utility\Script</Filter>
    </ClInclude>
    <ClInclude Include="NtlTSMemIO.h">
      <Filter>Utility\IO</Filter>
    </ClInclude>
    <ClInclude Include="NtlTSCore.h">
      <Filter>Global</Filter>
    </ClInclude>
    <ClInclude Include="NtlTSCoreDefine.h">
      <Filter>Global</Filter>
    </ClInclude>
    <ClInclude Include="NtlTSCoreStatic.h">
      <Filter>Global</Filter>
    </ClInclude>
  </ItemGroup>
  <ItemGroup>
    <None Include="NtlTSRTTI.inl">
      <Filter>Utility\RTTI</Filter>
    </None>
    <None Include="NtlTSScrProperty.inl">
      <Filter>Utility\Script</Filter>
    </None>
  </ItemGroup>
</Project>